
Microsoft Visual Studio Solution File, Format Version 12.00
# Visual Studio Version 17
VisualStudioVersion = 17.13.35828.75 d17.13
MinimumVisualStudioVersion = 10.0.40219.1
Project("{FAE04EC0-301F-11D3-BF4B-00C04F79EFBC}") = "SolvePi", "..\source\SolvePi.csproj", "{DF5411C0-7F6B-2C31-4389-5BD61D4E953E}"
EndProject
Project("{FAE04EC0-301F-11D3-BF4B-00C04F79EFBC}") = "SolvePi.Tests", "..\tests\SolvePi.Tests.csproj", "{109234B3-C07C-40FC-80B5-515DDB50E14B}"
EndProject
Global
	GlobalSection(SolutionConfigurationPlatforms) = preSolution
		Debug|Any CPU = Debug|Any CPU
		Release|Any CPU = Release|Any CPU
	EndGlobalSection
	GlobalSection(ProjectConfigurationPlatforms) = postSolution
		{DF5411C0-7F6B-2C31-4389-5BD61D4E953E}.Debug|Any CPU.ActiveCfg = Debug|Any CPU
		{DF5411C0-7F6B-2C31-4389-5BD61D4E953E}.Debug|Any CPU.Build.0 = Debug|Any CPU
		{DF5411C0-7F6B-2C31-4389-5BD61D4E953E}.Release|Any CPU.ActiveCfg = Release|Any CPU
		{DF5411C0-7F6B-2C31-4389-5BD61D4E953E}.Release|Any CPU.Build.0 = Release|Any CPU
		{109234B3-C07C-40FC-80B5-515DDB50E14B}.Debug|Any CPU.ActiveCfg = Debug|Any CPU
		{109234B3-C07C-40FC-80B5-515DDB50E14B}.Debug|Any CPU.Build.0 = Debug|Any CPU
		{109234B3-C07C-40FC-80B5-515DDB50E14B}.Release|Any CPU.ActiveCfg = Release|Any CPU
		{109234B3-C07C-40FC-80B5-515DDB50E14B}.Release|Any CPU.Build.0 = Release|Any CPU
	EndGlobalSection
	GlobalSection(SolutionProperties) = preSolution
		HideSolutionNode = FALSE
	EndGlobalSection
	GlobalSection(ExtensibilityGlobals) = postSolution
		SolutionGuid = {95FD24A3-7D5B-4C36-8DC8-C97980D21400}
	EndGlobalSection
EndGlobal
